
Microsoft Visual Studio Solution File, Format Version 12.00
# Visual Studio 2012
Project("{8BC9CEB8-8B4A-11D0-8D11-00A0C91BC942}") = "moriServer", "moriServer\moriServer.vcxproj", "{336F8EF1-2783-481D-A7B4-3625B5352A17}"
	ProjectSection(ProjectDependencies) = postProject
		{A93BBF58-E272-45F9-85CC-21264DB88873} = {A93BBF58-E272-45F9-85CC-21264DB88873}
		{BBDD5C59-ECBE-46D2-8C09-2AC3E0E98619} = {BBDD5C59-ECBE-46D2-8C09-2AC3E0E98619}
		{3423EC9A-52E4-4A4D-9753-EDEBC38785EF} = {3423EC9A-52E4-4A4D-9753-EDEBC38785EF}
		{294C99AD-DFC5-449B-8270-C9D750E50D47} = {294C99AD-DFC5-449B-8270-C9D750E50D47}
		{FB4CFBC5-763F-49B3-9067-989749EBFFEA} = {FB4CFBC5-763F-49B3-9067-989749EBFFEA}
		{86DDCFC6-3091-4EE6-BA02-5FF44B19D660} = {86DDCFC6-3091-4EE6-BA02-5FF44B19D660}
		{AF4291D1-A751-40E0-AB3A-5BB56F94DE4B} = {AF4291D1-A751-40E0-AB3A-5BB56F94DE4B}
		{BADB92EA-1C5C-4A13-AF9F-2648A11CA845} = {BADB92EA-1C5C-4A13-AF9F-2648A11CA845}
		{A58A44F5-FCEE-4EDF-AD98-7B5ED9B0D70E} = {A58A44F5-FCEE-4EDF-AD98-7B5ED9B0D70E}
	EndProjectSection
EndProject
Project("{8BC9CEB8-8B4A-11D0-8D11-00A0C91BC942}") = "zlib", "externals\zlib\zlib.vcxproj", "{294C99AD-DFC5-449B-8270-C9D750E50D47}"
EndProject
Project("{8BC9CEB8-8B4A-11D0-8D11-00A0C91BC942}") = "cryptoPP", "externals\cryptoPP\cryptoPP.vcxproj", "{3423EC9A-52E4-4A4D-9753-EDEBC38785EF}"
EndProject
Project("{8BC9CEB8-8B4A-11D0-8D11-00A0C91BC942}") = "soci_core_static", "externals\SOCI\core\soci_core_static.vcxproj", "{A58A44F5-FCEE-4EDF-AD98-7B5ED9B0D70E}"
EndProject
Project("{8BC9CEB8-8B4A-11D0-8D11-00A0C91BC942}") = "soci_sqlite3_static", "externals\SOCI\backends\sqlite3\soci_sqlite3_static.vcxproj", "{BADB92EA-1C5C-4A13-AF9F-2648A11CA845}"
EndProject
Project("{8BC9CEB8-8B4A-11D0-8D11-00A0C91BC942}") = "soci_odbc_static", "externals\SOCI\backends\odbc\soci_odbc_static.vcxproj", "{A93BBF58-E272-45F9-85CC-21264DB88873}"
EndProject
Project("{8BC9CEB8-8B4A-11D0-8D11-00A0C91BC942}") = "ProtocolBuf", "externals\ProtocolBuf\ProtocolBuf.vcxproj", "{FB4CFBC5-763F-49B3-9067-989749EBFFEA}"
EndProject
Project("{8BC9CEB8-8B4A-11D0-8D11-00A0C91BC942}") = "Mori", "externals\Mori\Mori.vcxproj", "{AF4291D1-A751-40E0-AB3A-5BB56F94DE4B}"
EndProject
Project("{8BC9CEB8-8B4A-11D0-8D11-00A0C91BC942}") = "TinyLog", "externals\TinyLog\TinyLog.vcxproj", "{BBDD5C59-ECBE-46D2-8C09-2AC3E0E98619}"
EndProject
Project("{8BC9CEB8-8B4A-11D0-8D11-00A0C91BC942}") = "AutoDB", "externals\AutoDB\AutoDB.vcxproj", "{86DDCFC6-3091-4EE6-BA02-5FF44B19D660}"
EndProject
Project("{8BC9CEB8-8B4A-11D0-8D11-00A0C91BC942}") = "soci_mysql_static", "externals\SOCI\backends\mysql\soci_mysql_static.vcxproj", "{05E62F86-446F-4BED-83D8-C3D00FB4D4DD}"
EndProject
Global
	GlobalSection(SolutionConfigurationPlatforms) = preSolution
		DbgMySql|Win32 = DbgMySql|Win32
		DbgMySql|x64 = DbgMySql|x64
		DbgService|Win32 = DbgService|Win32
		DbgService|x64 = DbgService|x64
		Debug|Win32 = Debug|Win32
		Debug|x64 = Debug|x64
		Release|Win32 = Release|Win32
		Release|x64 = Release|x64
		RelMySql|Win32 = RelMySql|Win32
		RelMySql|x64 = RelMySql|x64
		RelService|Win32 = RelService|Win32
		RelService|x64 = RelService|x64
		RelXP|Win32 = RelXP|Win32
		RelXP|x64 = RelXP|x64
		RelXPMySql|Win32 = RelXPMySql|Win32
		RelXPMySql|x64 = RelXPMySql|x64
	EndGlobalSection
	GlobalSection(ProjectConfigurationPlatforms) = postSolution
		{336F8EF1-2783-481D-A7B4-3625B5352A17}.DbgMySql|Win32.ActiveCfg = DbgMySql|Win32
		{336F8EF1-2783-481D-A7B4-3625B5352A17}.DbgMySql|Win32.Build.0 = DbgMySql|Win32
		{336F8EF1-2783-481D-A7B4-3625B5352A17}.DbgMySql|x64.ActiveCfg = DbgMySql|Win32
		{336F8EF1-2783-481D-A7B4-3625B5352A17}.DbgService|Win32.ActiveCfg = DbgService|Win32
		{336F8EF1-2783-481D-A7B4-3625B5352A17}.DbgService|Win32.Build.0 = DbgService|Win32
		{336F8EF1-2783-481D-A7B4-3625B5352A17}.DbgService|x64.ActiveCfg = DbgService|Win32
		{336F8EF1-2783-481D-A7B4-3625B5352A17}.Debug|Win32.ActiveCfg = Debug|Win32
		{336F8EF1-2783-481D-A7B4-3625B5352A17}.Debug|Win32.Build.0 = Debug|Win32
		{336F8EF1-2783-481D-A7B4-3625B5352A17}.Debug|x64.ActiveCfg = Debug|Win32
		{336F8EF1-2783-481D-A7B4-3625B5352A17}.Release|Win32.ActiveCfg = Release|Win32
		{336F8EF1-2783-481D-A7B4-3625B5352A17}.Release|Win32.Build.0 = Release|Win32
		{336F8EF1-2783-481D-A7B4-3625B5352A17}.Release|x64.ActiveCfg = Release|Win32
		{336F8EF1-2783-481D-A7B4-3625B5352A17}.RelMySql|Win32.ActiveCfg = RelMySql|Win32
		{336F8EF1-2783-481D-A7B4-3625B5352A17}.RelMySql|Win32.Build.0 = RelMySql|Win32
		{336F8EF1-2783-481D-A7B4-3625B5352A17}.RelMySql|x64.ActiveCfg = RelMySql|Win32
		{336F8EF1-2783-481D-A7B4-3625B5352A17}.RelService|Win32.ActiveCfg = RelService|Win32
		{336F8EF1-2783-481D-A7B4-3625B5352A17}.RelService|Win32.Build.0 = RelService|Win32
		{336F8EF1-2783-481D-A7B4-3625B5352A17}.RelService|x64.ActiveCfg = RelService|Win32
		{336F8EF1-2783-481D-A7B4-3625B5352A17}.RelXP|Win32.ActiveCfg = RelXP|Win32
		{336F8EF1-2783-481D-A7B4-3625B5352A17}.RelXP|Win32.Build.0 = RelXP|Win32
		{336F8EF1-2783-481D-A7B4-3625B5352A17}.RelXP|x64.ActiveCfg = RelXP|Win32
		{336F8EF1-2783-481D-A7B4-3625B5352A17}.RelXPMySql|Win32.ActiveCfg = RelXPMySql|Win32
		{336F8EF1-2783-481D-A7B4-3625B5352A17}.RelXPMySql|Win32.Build.0 = RelXPMySql|Win32
		{336F8EF1-2783-481D-A7B4-3625B5352A17}.RelXPMySql|x64.ActiveCfg = RelXPMySql|Win32
		{294C99AD-DFC5-449B-8270-C9D750E50D47}.DbgMySql|Win32.ActiveCfg = Debug|Win32
		{294C99AD-DFC5-449B-8270-C9D750E50D47}.DbgMySql|Win32.Build.0 = Debug|Win32
		{294C99AD-DFC5-449B-8270-C9D750E50D47}.DbgMySql|x64.ActiveCfg = DebugWin32|Win32
		{294C99AD-DFC5-449B-8270-C9D750E50D47}.DbgService|Win32.ActiveCfg = Debug|Win32
		{294C99AD-DFC5-449B-8270-C9D750E50D47}.DbgService|Win32.Build.0 = Debug|Win32
		{294C99AD-DFC5-449B-8270-C9D750E50D47}.DbgService|x64.ActiveCfg = DebugWin32|Win32
		{294C99AD-DFC5-449B-8270-C9D750E50D47}.Debug|Win32.ActiveCfg = Debug|Win32
		{294C99AD-DFC5-449B-8270-C9D750E50D47}.Debug|Win32.Build.0 = Debug|Win32
		{294C99AD-DFC5-449B-8270-C9D750E50D47}.Debug|x64.ActiveCfg = Debug|Win32
		{294C99AD-DFC5-449B-8270-C9D750E50D47}.Release|Win32.ActiveCfg = Release|Win32
		{294C99AD-DFC5-449B-8270-C9D750E50D47}.Release|Win32.Build.0 = Release|Win32
		{294C99AD-DFC5-449B-8270-C9D750E50D47}.Release|x64.ActiveCfg = Release|Win32
		{294C99AD-DFC5-449B-8270-C9D750E50D47}.RelMySql|Win32.ActiveCfg = Release|Win32
		{294C99AD-DFC5-449B-8270-C9D750E50D47}.RelMySql|Win32.Build.0 = Release|Win32
		{294C99AD-DFC5-449B-8270-C9D750E50D47}.RelMySql|x64.ActiveCfg = ReleaseWin32|Win32
		{294C99AD-DFC5-449B-8270-C9D750E50D47}.RelService|Win32.ActiveCfg = Release|Win32
		{294C99AD-DFC5-449B-8270-C9D750E50D47}.RelService|Win32.Build.0 = Release|Win32
		{294C99AD-DFC5-449B-8270-C9D750E50D47}.RelService|x64.ActiveCfg = ReleaseWin32|Win32
		{294C99AD-DFC5-449B-8270-C9D750E50D47}.RelXP|Win32.ActiveCfg = Release|Win32
		{294C99AD-DFC5-449B-8270-C9D750E50D47}.RelXP|Win32.Build.0 = Release|Win32
		{294C99AD-DFC5-449B-8270-C9D750E50D47}.RelXP|x64.ActiveCfg = ReleaseWin32|Win32
		{294C99AD-DFC5-449B-8270-C9D750E50D47}.RelXPMySql|Win32.ActiveCfg = Release|Win32
		{294C99AD-DFC5-449B-8270-C9D750E50D47}.RelXPMySql|Win32.Build.0 = Release|Win32
		{294C99AD-DFC5-449B-8270-C9D750E50D47}.RelXPMySql|x64.ActiveCfg = ReleaseWin32|Win32
		{3423EC9A-52E4-4A4D-9753-EDEBC38785EF}.DbgMySql|Win32.ActiveCfg = Debug|Win32
		{3423EC9A-52E4-4A4D-9753-EDEBC38785EF}.DbgMySql|Win32.Build.0 = Debug|Win32
		{3423EC9A-52E4-4A4D-9753-EDEBC38785EF}.DbgMySql|x64.ActiveCfg = Debug|x64
		{3423EC9A-52E4-4A4D-9753-EDEBC38785EF}.DbgMySql|x64.Build.0 = Debug|x64
		{3423EC9A-52E4-4A4D-9753-EDEBC38785EF}.DbgService|Win32.ActiveCfg = Debug|Win32
		{3423EC9A-52E4-4A4D-9753-EDEBC38785EF}.DbgService|Win32.Build.0 = Debug|Win32
		{3423EC9A-52E4-4A4D-9753-EDEBC38785EF}.DbgService|x64.ActiveCfg = Debug|x64
		{3423EC9A-52E4-4A4D-9753-EDEBC38785EF}.DbgService|x64.Build.0 = Debug|x64
		{3423EC9A-52E4-4A4D-9753-EDEBC38785EF}.Debug|Win32.ActiveCfg = Debug|Win32
		{3423EC9A-52E4-4A4D-9753-EDEBC38785EF}.Debug|Win32.Build.0 = Debug|Win32
		{3423EC9A-52E4-4A4D-9753-EDEBC38785EF}.Debug|x64.ActiveCfg = Debug|x64
		{3423EC9A-52E4-4A4D-9753-EDEBC38785EF}.Debug|x64.Build.0 = Debug|x64
		{3423EC9A-52E4-4A4D-9753-EDEBC38785EF}.Release|Win32.ActiveCfg = Release|Win32
		{3423EC9A-52E4-4A4D-9753-EDEBC38785EF}.Release|Win32.Build.0 = Release|Win32
		{3423EC9A-52E4-4A4D-9753-EDEBC38785EF}.Release|x64.ActiveCfg = Release|x64
		{3423EC9A-52E4-4A4D-9753-EDEBC38785EF}.Release|x64.Build.0 = Release|x64
		{3423EC9A-52E4-4A4D-9753-EDEBC38785EF}.RelMySql|Win32.ActiveCfg = Release|Win32
		{3423EC9A-52E4-4A4D-9753-EDEBC38785EF}.RelMySql|Win32.Build.0 = Release|Win32
		{3423EC9A-52E4-4A4D-9753-EDEBC38785EF}.RelMySql|x64.ActiveCfg = Release|x64
		{3423EC9A-52E4-4A4D-9753-EDEBC38785EF}.RelMySql|x64.Build.0 = Release|x64
		{3423EC9A-52E4-4A4D-9753-EDEBC38785EF}.RelService|Win32.ActiveCfg = Release|Win32
		{3423EC9A-52E4-4A4D-9753-EDEBC38785EF}.RelService|Win32.Build.0 = Release|Win32
		{3423EC9A-52E4-4A4D-9753-EDEBC38785EF}.RelService|x64.ActiveCfg = Release|x64
		{3423EC9A-52E4-4A4D-9753-EDEBC38785EF}.RelService|x64.Build.0 = Release|x64
		{3423EC9A-52E4-4A4D-9753-EDEBC38785EF}.RelXP|Win32.ActiveCfg = Release|Win32
		{3423EC9A-52E4-4A4D-9753-EDEBC38785EF}.RelXP|Win32.Build.0 = Release|Win32
		{3423EC9A-52E4-4A4D-9753-EDEBC38785EF}.RelXP|x64.ActiveCfg = Release|x64
		{3423EC9A-52E4-4A4D-9753-EDEBC38785EF}.RelXP|x64.Build.0 = Release|x64
		{3423EC9A-52E4-4A4D-9753-EDEBC38785EF}.RelXPMySql|Win32.ActiveCfg = Release|Win32
		{3423EC9A-52E4-4A4D-9753-EDEBC38785EF}.RelXPMySql|Win32.Build.0 = Release|Win32
		{3423EC9A-52E4-4A4D-9753-EDEBC38785EF}.RelXPMySql|x64.ActiveCfg = Release|x64
		{3423EC9A-52E4-4A4D-9753-EDEBC38785EF}.RelXPMySql|x64.Build.0 = Release|x64
		{A58A44F5-FCEE-4EDF-AD98-7B5ED9B0D70E}.DbgMySql|Win32.ActiveCfg = Debug|Win32
		{A58A44F5-FCEE-4EDF-AD98-7B5ED9B0D70E}.DbgMySql|Win32.Build.0 = Debug|Win32
		{A58A44F5-FCEE-4EDF-AD98-7B5ED9B0D70E}.DbgMySql|x64.ActiveCfg = Debug|Win32
		{A58A44F5-FCEE-4EDF-AD98-7B5ED9B0D70E}.DbgService|Win32.ActiveCfg = Debug|Win32
		{A58A44F5-FCEE-4EDF-AD98-7B5ED9B0D70E}.DbgService|Win32.Build.0 = Debug|Win32
		{A58A44F5-FCEE-4EDF-AD98-7B5ED9B0D70E}.DbgService|x64.ActiveCfg = Debug|Win32
		{A58A44F5-FCEE-4EDF-AD98-7B5ED9B0D70E}.Debug|Win32.ActiveCfg = Debug|Win32
		{A58A44F5-FCEE-4EDF-AD98-7B5ED9B0D70E}.Debug|Win32.Build.0 = Debug|Win32
		{A58A44F5-FCEE-4EDF-AD98-7B5ED9B0D70E}.Debug|x64.ActiveCfg = Debug|Win32
		{A58A44F5-FCEE-4EDF-AD98-7B5ED9B0D70E}.Release|Win32.ActiveCfg = Release|Win32
		{A58A44F5-FCEE-4EDF-AD98-7B5ED9B0D70E}.Release|Win32.Build.0 = Release|Win32
		{A58A44F5-FCEE-4EDF-AD98-7B5ED9B0D70E}.Release|x64.ActiveCfg = Release|Win32
		{A58A44F5-FCEE-4EDF-AD98-7B5ED9B0D70E}.RelMySql|Win32.ActiveCfg = Release|Win32
		{A58A44F5-FCEE-4EDF-AD98-7B5ED9B0D70E}.RelMySql|Win32.Build.0 = Release|Win32
		{A58A44F5-FCEE-4EDF-AD98-7B5ED9B0D70E}.RelMySql|x64.ActiveCfg = Release|Win32
		{A58A44F5-FCEE-4EDF-AD98-7B5ED9B0D70E}.RelService|Win32.ActiveCfg = Release|Win32
		{A58A44F5-FCEE-4EDF-AD98-7B5ED9B0D70E}.RelService|Win32.Build.0 = Release|Win32
		{A58A44F5-FCEE-4EDF-AD98-7B5ED9B0D70E}.RelService|x64.ActiveCfg = Release|Win32
		{A58A44F5-FCEE-4EDF-AD98-7B5ED9B0D70E}.RelXP|Win32.ActiveCfg = Release|Win32
		{A58A44F5-FCEE-4EDF-AD98-7B5ED9B0D70E}.RelXP|Win32.Build.0 = Release|Win32
		{A58A44F5-FCEE-4EDF-AD98-7B5ED9B0D70E}.RelXP|x64.ActiveCfg = Release|Win32
		{A58A44F5-FCEE-4EDF-AD98-7B5ED9B0D70E}.RelXPMySql|Win32.ActiveCfg = Release|Win32
		{A58A44F5-FCEE-4EDF-AD98-7B5ED9B0D70E}.RelXPMySql|Win32.Build.0 = Release|Win32
		{A58A44F5-FCEE-4EDF-AD98-7B5ED9B0D70E}.RelXPMySql|x64.ActiveCfg = Release|Win32
		{BADB92EA-1C5C-4A13-AF9F-2648A11CA845}.DbgMySql|Win32.ActiveCfg = Debug|Win32
		{BADB92EA-1C5C-4A13-AF9F-2648A11CA845}.DbgMySql|Win32.Build.0 = Debug|Win32
		{BADB92EA-1C5C-4A13-AF9F-2648A11CA845}.DbgMySql|x64.ActiveCfg = Debug|Win32
		{BADB92EA-1C5C-4A13-AF9F-2648A11CA845}.DbgService|Win32.ActiveCfg = Debug|Win32
		{BADB92EA-1C5C-4A13-AF9F-2648A11CA845}.DbgService|Win32.Build.0 = Debug|Win32
		{BADB92EA-1C5C-4A13-AF9F-2648A11CA845}.DbgService|x64.ActiveCfg = Debug|Win32
		{BADB92EA-1C5C-4A13-AF9F-2648A11CA845}.Debug|Win32.ActiveCfg = Debug|Win32
		{BADB92EA-1C5C-4A13-AF9F-2648A11CA845}.Debug|Win32.Build.0 = Debug|Win32
		{BADB92EA-1C5C-4A13-AF9F-2648A11CA845}.Debug|x64.ActiveCfg = Debug|Win32
		{BADB92EA-1C5C-4A13-AF9F-2648A11CA845}.Release|Win32.ActiveCfg = Release|Win32
		{BADB92EA-1C5C-4A13-AF9F-2648A11CA845}.Release|Win32.Build.0 = Release|Win32
		{BADB92EA-1C5C-4A13-AF9F-2648A11CA845}.Release|x64.ActiveCfg = Release|Win32
		{BADB92EA-1C5C-4A13-AF9F-2648A11CA845}.RelMySql|Win32.ActiveCfg = Release|Win32
		{BADB92EA-1C5C-4A13-AF9F-2648A11CA845}.RelMySql|Win32.Build.0 = Release|Win32
		{BADB92EA-1C5C-4A13-AF9F-2648A11CA845}.RelMySql|x64.ActiveCfg = Release|Win32
		{BADB92EA-1C5C-4A13-AF9F-2648A11CA845}.RelService|Win32.ActiveCfg = Release|Win32
		{BADB92EA-1C5C-4A13-AF9F-2648A11CA845}.RelService|Win32.Build.0 = Release|Win32
		{BADB92EA-1C5C-4A13-AF9F-2648A11CA845}.RelService|x64.ActiveCfg = Release|Win32
		{BADB92EA-1C5C-4A13-AF9F-2648A11CA845}.RelXP|Win32.ActiveCfg = Release|Win32
		{BADB92EA-1C5C-4A13-AF9F-2648A11CA845}.RelXP|Win32.Build.0 = Release|Win32
		{BADB92EA-1C5C-4A13-AF9F-2648A11CA845}.RelXP|x64.ActiveCfg = Release|Win32
		{BADB92EA-1C5C-4A13-AF9F-2648A11CA845}.RelXPMySql|Win32.ActiveCfg = Release|Win32
		{BADB92EA-1C5C-4A13-AF9F-2648A11CA845}.RelXPMySql|Win32.Build.0 = Release|Win32
		{BADB92EA-1C5C-4A13-AF9F-2648A11CA845}.RelXPMySql|x64.ActiveCfg = Release|Win32
		{A93BBF58-E272-45F9-85CC-21264DB88873}.DbgMySql|Win32.ActiveCfg = Debug|Win32
		{A93BBF58-E272-45F9-85CC-21264DB88873}.DbgMySql|Win32.Build.0 = Debug|Win32
		{A93BBF58-E272-45F9-85CC-21264DB88873}.DbgMySql|x64.ActiveCfg = Debug|Win32
		{A93BBF58-E272-45F9-85CC-21264DB88873}.DbgService|Win32.ActiveCfg = Debug|Win32
		{A93BBF58-E272-45F9-85CC-21264DB88873}.DbgService|Win32.Build.0 = Debug|Win32
		{A93BBF58-E272-45F9-85CC-21264DB88873}.DbgService|x64.ActiveCfg = Debug|Win32
		{A93BBF58-E272-45F9-85CC-21264DB88873}.Debug|Win32.ActiveCfg = Debug|Win32
		{A93BBF58-E272-45F9-85CC-21264DB88873}.Debug|Win32.Build.0 = Debug|Win32
		{A93BBF58-E272-45F9-85CC-21264DB88873}.Debug|x64.ActiveCfg = Debug|Win32
		{A93BBF58-E272-45F9-85CC-21264DB88873}.Release|Win32.ActiveCfg = Release|Win32
		{A93BBF58-E272-45F9-85CC-21264DB88873}.Release|Win32.Build.0 = Release|Win32
		{A93BBF58-E272-45F9-85CC-21264DB88873}.Release|x64.ActiveCfg = Release|Win32
		{A93BBF58-E272-45F9-85CC-21264DB88873}.RelMySql|Win32.ActiveCfg = Release|Win32
		{A93BBF58-E272-45F9-85CC-21264DB88873}.RelMySql|Win32.Build.0 = Release|Win32
		{A93BBF58-E272-45F9-85CC-21264DB88873}.RelMySql|x64.ActiveCfg = Release|Win32
		{A93BBF58-E272-45F9-85CC-21264DB88873}.RelService|Win32.ActiveCfg = Release|Win32
		{A93BBF58-E272-45F9-85CC-21264DB88873}.RelService|Win32.Build.0 = Release|Win32
		{A93BBF58-E272-45F9-85CC-21264DB88873}.RelService|x64.ActiveCfg = Release|Win32
		{A93BBF58-E272-45F9-85CC-21264DB88873}.RelXP|Win32.ActiveCfg = Release|Win32
		{A93BBF58-E272-45F9-85CC-21264DB88873}.RelXP|Win32.Build.0 = Release|Win32
		{A93BBF58-E272-45F9-85CC-21264DB88873}.RelXP|x64.ActiveCfg = Release|Win32
		{A93BBF58-E272-45F9-85CC-21264DB88873}.RelXPMySql|Win32.ActiveCfg = Release|Win32
		{A93BBF58-E272-45F9-85CC-21264DB88873}.RelXPMySql|Win32.Build.0 = Release|Win32
		{A93BBF58-E272-45F9-85CC-21264DB88873}.RelXPMySql|x64.ActiveCfg = Release|Win32
		{FB4CFBC5-763F-49B3-9067-989749EBFFEA}.DbgMySql|Win32.ActiveCfg = Debug|Win32
		{FB4CFBC5-763F-49B3-9067-989749EBFFEA}.DbgMySql|Win32.Build.0 = Debug|Win32
		{FB4CFBC5-763F-49B3-9067-989749EBFFEA}.DbgMySql|x64.ActiveCfg = Debug|Win32
		{FB4CFBC5-763F-49B3-9067-989749EBFFEA}.DbgService|Win32.ActiveCfg = Debug|Win32
		{FB4CFBC5-763F-49B3-9067-989749EBFFEA}.DbgService|Win32.Build.0 = Debug|Win32
		{FB4CFBC5-763F-49B3-9067-989749EBFFEA}.DbgService|x64.ActiveCfg = Debug|Win32
		{FB4CFBC5-763F-49B3-9067-989749EBFFEA}.Debug|Win32.ActiveCfg = Debug|Win32
		{FB4CFBC5-763F-49B3-9067-989749EBFFEA}.Debug|Win32.Build.0 = Debug|Win32
		{FB4CFBC5-763F-49B3-9067-989749EBFFEA}.Debug|x64.ActiveCfg = Debug|Win32
		{FB4CFBC5-763F-49B3-9067-989749EBFFEA}.Release|Win32.ActiveCfg = Release|Win32
		{FB4CFBC5-763F-49B3-9067-989749EBFFEA}.Release|Win32.Build.0 = Release|Win32
		{FB4CFBC5-763F-49B3-9067-989749EBFFEA}.Release|x64.ActiveCfg = Release|Win32
		{FB4CFBC5-763F-49B3-9067-989749EBFFEA}.RelMySql|Win32.ActiveCfg = Release|Win32
		{FB4CFBC5-763F-49B3-9067-989749EBFFEA}.RelMySql|Win32.Build.0 = Release|Win32
		{FB4CFBC5-763F-49B3-9067-989749EBFFEA}.RelMySql|x64.ActiveCfg = Release|Win32
		{FB4CFBC5-763F-49B3-9067-989749EBFFEA}.RelService|Win32.ActiveCfg = Release|Win32
		{FB4CFBC5-763F-49B3-9067-989749EBFFEA}.RelService|Win32.Build.0 = Release|Win32
		{FB4CFBC5-763F-49B3-9067-989749EBFFEA}.RelService|x64.ActiveCfg = Release|Win32
		{FB4CFBC5-763F-49B3-9067-989749EBFFEA}.RelXP|Win32.ActiveCfg = Release|Win32
		{FB4CFBC5-763F-49B3-9067-989749EBFFEA}.RelXP|Win32.Build.0 = Release|Win32
		{FB4CFBC5-763F-49B3-9067-989749EBFFEA}.RelXP|x64.ActiveCfg = Release|Win32
		{FB4CFBC5-763F-49B3-9067-989749EBFFEA}.RelXPMySql|Win32.ActiveCfg = Release|Win32
		{FB4CFBC5-763F-49B3-9067-989749EBFFEA}.RelXPMySql|Win32.Build.0 = Release|Win32
		{FB4CFBC5-763F-49B3-9067-989749EBFFEA}.RelXPMySql|x64.ActiveCfg = Release|Win32
		{AF4291D1-A751-40E0-AB3A-5BB56F94DE4B}.DbgMySql|Win32.ActiveCfg = Debug|Win32
		{AF4291D1-A751-40E0-AB3A-5BB56F94DE4B}.DbgMySql|Win32.Build.0 = Debug|Win32
		{AF4291D1-A751-40E0-AB3A-5BB56F94DE4B}.DbgMySql|x64.ActiveCfg = Debug|Win32
		{AF4291D1-A751-40E0-AB3A-5BB56F94DE4B}.DbgService|Win32.ActiveCfg = Debug|Win32
		{AF4291D1-A751-40E0-AB3A-5BB56F94DE4B}.DbgService|Win32.Build.0 = Debug|Win32
		{AF4291D1-A751-40E0-AB3A-5BB56F94DE4B}.DbgService|x64.ActiveCfg = Debug|Win32
		{AF4291D1-A751-40E0-AB3A-5BB56F94DE4B}.Debug|Win32.ActiveCfg = Debug|Win32
		{AF4291D1-A751-40E0-AB3A-5BB56F94DE4B}.Debug|Win32.Build.0 = Debug|Win32
		{AF4291D1-A751-40E0-AB3A-5BB56F94DE4B}.Debug|x64.ActiveCfg = Debug|Win32
		{AF4291D1-A751-40E0-AB3A-5BB56F94DE4B}.Release|Win32.ActiveCfg = Release|Win32
		{AF4291D1-A751-40E0-AB3A-5BB56F94DE4B}.Release|Win32.Build.0 = Release|Win32
		{AF4291D1-A751-40E0-AB3A-5BB56F94DE4B}.Release|x64.ActiveCfg = Release|Win32
		{AF4291D1-A751-40E0-AB3A-5BB56F94DE4B}.RelMySql|Win32.ActiveCfg = Release|Win32
		{AF4291D1-A751-40E0-AB3A-5BB56F94DE4B}.RelMySql|Win32.Build.0 = Release|Win32
		{AF4291D1-A751-40E0-AB3A-5BB56F94DE4B}.RelMySql|x64.ActiveCfg = Release|Win32
		{AF4291D1-A751-40E0-AB3A-5BB56F94DE4B}.RelService|Win32.ActiveCfg = Release|Win32
		{AF4291D1-A751-40E0-AB3A-5BB56F94DE4B}.RelService|Win32.Build.0 = Release|Win32
		{AF4291D1-A751-40E0-AB3A-5BB56F94DE4B}.RelService|x64.ActiveCfg = Release|Win32
		{AF4291D1-A751-40E0-AB3A-5BB56F94DE4B}.RelXP|Win32.ActiveCfg = Release|Win32
		{AF4291D1-A751-40E0-AB3A-5BB56F94DE4B}.RelXP|Win32.Build.0 = Release|Win32
		{AF4291D1-A751-40E0-AB3A-5BB56F94DE4B}.RelXP|x64.ActiveCfg = Release|Win32
		{AF4291D1-A751-40E0-AB3A-5BB56F94DE4B}.RelXPMySql|Win32.ActiveCfg = Release|Win32
		{AF4291D1-A751-40E0-AB3A-5BB56F94DE4B}.RelXPMySql|Win32.Build.0 = Release|Win32
		{AF4291D1-A751-40E0-AB3A-5BB56F94DE4B}.RelXPMySql|x64.ActiveCfg = Release|Win32
		{BBDD5C59-ECBE-46D2-8C09-2AC3E0E98619}.DbgMySql|Win32.ActiveCfg = ConsoleDebug|Win32
		{BBDD5C59-ECBE-46D2-8C09-2AC3E0E98619}.DbgMySql|Win32.Build.0 = ConsoleDebug|Win32
		{BBDD5C59-ECBE-46D2-8C09-2AC3E0E98619}.DbgMySql|x64.ActiveCfg = ConsoleDebug|Win32
		{BBDD5C59-ECBE-46D2-8C09-2AC3E0E98619}.DbgService|Win32.ActiveCfg = ConsoleDebug|Win32
		{BBDD5C59-ECBE-46D2-8C09-2AC3E0E98619}.DbgService|Win32.Build.0 = ConsoleDebug|Win32
		{BBDD5C59-ECBE-46D2-8C09-2AC3E0E98619}.DbgService|x64.ActiveCfg = WinRelease|Win32
		{BBDD5C59-ECBE-46D2-8C09-2AC3E0E98619}.Debug|Win32.ActiveCfg = WinDebug|Win32
		{BBDD5C59-ECBE-46D2-8C09-2AC3E0E98619}.Debug|Win32.Build.0 = WinDebug|Win32
		{BBDD5C59-ECBE-46D2-8C09-2AC3E0E98619}.Debug|x64.ActiveCfg = WinDebug|Win32
		{BBDD5C59-ECBE-46D2-8C09-2AC3E0E98619}.Release|Win32.ActiveCfg = ConsoleRelease|Win32
		{BBDD5C59-ECBE-46D2-8C09-2AC3E0E98619}.Release|Win32.Build.0 = ConsoleRelease|Win32
		{BBDD5C59-ECBE-46D2-8C09-2AC3E0E98619}.Release|x64.ActiveCfg = WinRelease|Win32
		{BBDD5C59-ECBE-46D2-8C09-2AC3E0E98619}.RelMySql|Win32.ActiveCfg = ConsoleRelease|Win32
		{BBDD5C59-ECBE-46D2-8C09-2AC3E0E98619}.RelMySql|Win32.Build.0 = ConsoleRelease|Win32
		{BBDD5C59-ECBE-46D2-8C09-2AC3E0E98619}.RelMySql|x64.ActiveCfg = ConsoleDebug|Win32
		{BBDD5C59-ECBE-46D2-8C09-2AC3E0E98619}.RelService|Win32.ActiveCfg = ConsoleRelease|Win32
		{BBDD5C59-ECBE-46D2-8C09-2AC3E0E98619}.RelService|Win32.Build.0 = ConsoleRelease|Win32
		{BBDD5C59-ECBE-46D2-8C09-2AC3E0E98619}.RelService|x64.ActiveCfg = WinRelease|Win32
		{BBDD5C59-ECBE-46D2-8C09-2AC3E0E98619}.RelXP|Win32.ActiveCfg = ConsoleRelease|Win32
		{BBDD5C59-ECBE-46D2-8C09-2AC3E0E98619}.RelXP|Win32.Build.0 = ConsoleRelease|Win32
		{BBDD5C59-ECBE-46D2-8C09-2AC3E0E98619}.RelXP|x64.ActiveCfg = WinRelease|Win32
		{BBDD5C59-ECBE-46D2-8C09-2AC3E0E98619}.RelXPMySql|Win32.ActiveCfg = ConsoleRelease|Win32
		{BBDD5C59-ECBE-46D2-8C09-2AC3E0E98619}.RelXPMySql|Win32.Build.0 = ConsoleRelease|Win32
		{BBDD5C59-ECBE-46D2-8C09-2AC3E0E98619}.RelXPMySql|x64.ActiveCfg = ConsoleDebug|Win32
		{86DDCFC6-3091-4EE6-BA02-5FF44B19D660}.DbgMySql|Win32.ActiveCfg = Debug|Win32
		{86DDCFC6-3091-4EE6-BA02-5FF44B19D660}.DbgMySql|Win32.Build.0 = Debug|Win32
		{86DDCFC6-3091-4EE6-BA02-5FF44B19D660}.DbgMySql|x64.ActiveCfg = Debug|Win32
		{86DDCFC6-3091-4EE6-BA02-5FF44B19D660}.DbgService|Win32.ActiveCfg = Debug|Win32
		{86DDCFC6-3091-4EE6-BA02-5FF44B19D660}.DbgService|Win32.Build.0 = Debug|Win32
		{86DDCFC6-3091-4EE6-BA02-5FF44B19D660}.DbgService|x64.ActiveCfg = Debug|Win32
		{86DDCFC6-3091-4EE6-BA02-5FF44B19D660}.Debug|Win32.ActiveCfg = Debug|Win32
		{86DDCFC6-3091-4EE6-BA02-5FF44B19D660}.Debug|Win32.Build.0 = Debug|Win32
		{86DDCFC6-3091-4EE6-BA02-5FF44B19D660}.Debug|x64.ActiveCfg = Debug|Win32
		{86DDCFC6-3091-4EE6-BA02-5FF44B19D660}.Release|Win32.ActiveCfg = Release|Win32
		{86DDCFC6-3091-4EE6-BA02-5FF44B19D660}.Release|Win32.Build.0 = Release|Win32
		{86DDCFC6-3091-4EE6-BA02-5FF44B19D660}.Release|x64.ActiveCfg = Release|Win32
		{86DDCFC6-3091-4EE6-BA02-5FF44B19D660}.RelMySql|Win32.ActiveCfg = Release|Win32
		{86DDCFC6-3091-4EE6-BA02-5FF44B19D660}.RelMySql|Win32.Build.0 = Release|Win32
		{86DDCFC6-3091-4EE6-BA02-5FF44B19D660}.RelMySql|x64.ActiveCfg = Release|Win32
		{86DDCFC6-3091-4EE6-BA02-5FF44B19D660}.RelService|Win32.ActiveCfg = Release|Win32
		{86DDCFC6-3091-4EE6-BA02-5FF44B19D660}.RelService|Win32.Build.0 = Release|Win32
		{86DDCFC6-3091-4EE6-BA02-5FF44B19D660}.RelService|x64.ActiveCfg = Release|Win32
		{86DDCFC6-3091-4EE6-BA02-5FF44B19D660}.RelXP|Win32.ActiveCfg = Release|Win32
		{86DDCFC6-3091-4EE6-BA02-5FF44B19D660}.RelXP|Win32.Build.0 = Release|Win32
		{86DDCFC6-3091-4EE6-BA02-5FF44B19D660}.RelXP|x64.ActiveCfg = Release|Win32
		{86DDCFC6-3091-4EE6-BA02-5FF44B19D660}.RelXPMySql|Win32.ActiveCfg = Release|Win32
		{86DDCFC6-3091-4EE6-BA02-5FF44B19D660}.RelXPMySql|Win32.Build.0 = Release|Win32
		{86DDCFC6-3091-4EE6-BA02-5FF44B19D660}.RelXPMySql|x64.ActiveCfg = Release|Win32
		{05E62F86-446F-4BED-83D8-C3D00FB4D4DD}.DbgMySql|Win32.ActiveCfg = Debug|Win32
		{05E62F86-446F-4BED-83D8-C3D00FB4D4DD}.DbgMySql|Win32.Build.0 = Debug|Win32
		{05E62F86-446F-4BED-83D8-C3D00FB4D4DD}.DbgMySql|x64.ActiveCfg = Debug|Win32
		{05E62F86-446F-4BED-83D8-C3D00FB4D4DD}.DbgService|Win32.ActiveCfg = Debug|Win32
		{05E62F86-446F-4BED-83D8-C3D00FB4D4DD}.DbgService|Win32.Build.0 = Debug|Win32
		{05E62F86-446F-4BED-83D8-C3D00FB4D4DD}.DbgService|x64.ActiveCfg = Debug|Win32
		{05E62F86-446F-4BED-83D8-C3D00FB4D4DD}.Debug|Win32.ActiveCfg = Debug|Win32
		{05E62F86-446F-4BED-83D8-C3D00FB4D4DD}.Debug|Win32.Build.0 = Debug|Win32
		{05E62F86-446F-4BED-83D8-C3D00FB4D4DD}.Debug|x64.ActiveCfg = Debug|Win32
		{05E62F86-446F-4BED-83D8-C3D00FB4D4DD}.Release|Win32.ActiveCfg = Release|Win32
		{05E62F86-446F-4BED-83D8-C3D00FB4D4DD}.Release|Win32.Build.0 = Release|Win32
		{05E62F86-446F-4BED-83D8-C3D00FB4D4DD}.Release|x64.ActiveCfg = Release|Win32
		{05E62F86-446F-4BED-83D8-C3D00FB4D4DD}.RelMySql|Win32.ActiveCfg = Release|Win32
		{05E62F86-446F-4BED-83D8-C3D00FB4D4DD}.RelMySql|Win32.Build.0 = Release|Win32
		{05E62F86-446F-4BED-83D8-C3D00FB4D4DD}.RelMySql|x64.ActiveCfg = Release|Win32
		{05E62F86-446F-4BED-83D8-C3D00FB4D4DD}.RelService|Win32.ActiveCfg = Release|Win32
		{05E62F86-446F-4BED-83D8-C3D00FB4D4DD}.RelService|Win32.Build.0 = Release|Win32
		{05E62F86-446F-4BED-83D8-C3D00FB4D4DD}.RelService|x64.ActiveCfg = Release|Win32
		{05E62F86-446F-4BED-83D8-C3D00FB4D4DD}.RelXP|Win32.ActiveCfg = Release|Win32
		{05E62F86-446F-4BED-83D8-C3D00FB4D4DD}.RelXP|Win32.Build.0 = Release|Win32
		{05E62F86-446F-4BED-83D8-C3D00FB4D4DD}.RelXP|x64.ActiveCfg = Release|Win32
		{05E62F86-446F-4BED-83D8-C3D00FB4D4DD}.RelXPMySql|Win32.ActiveCfg = Release|Win32
		{05E62F86-446F-4BED-83D8-C3D00FB4D4DD}.RelXPMySql|Win32.Build.0 = Release|Win32
		{05E62F86-446F-4BED-83D8-C3D00FB4D4DD}.RelXPMySql|x64.ActiveCfg = Release|Win32
	EndGlobalSection
	GlobalSection(SolutionProperties) = preSolution
		HideSolutionNode = FALSE
	EndGlobalSection
EndGlobal
